// !$*UTF8*$!
{
	archiveVersion = 1;
	classes = {
	};
	objectVersion = 46;
	objects = {

/* Begin PBXBuildFile section */
		D306D9C318F5851D00E32DDC /* XPBaseExpressionTests.m in Sources */ = {isa = PBXBuildFile; fileRef = D306D9C218F5851D00E32DDC /* XPBaseExpressionTests.m */; };
		D319137118F197D400430BAD /* PEGKit.framework in Frameworks */ = {isa = PBXBuildFile; fileRef = D319137018F197D400430BAD /* PEGKit.framework */; };
		D319137218F197F200430BAD /* PEGKit.framework in Frameworks */ = {isa = PBXBuildFile; fileRef = D319137018F197D400430BAD /* PEGKit.framework */; };
		D319137C18F1A46100430BAD /* TDFilter.m in Sources */ = {isa = PBXBuildFile; fileRef = D319137A18F1A46100430BAD /* TDFilter.m */; };
		D319137F18F1A4A900430BAD /* XPFilterExpression.h in Headers */ = {isa = PBXBuildFile; fileRef = D319137D18F1A4A900430BAD /* XPFilterExpression.h */; };
		D319138018F1A4AA00430BAD /* XPFilterExpression.m in Sources */ = {isa = PBXBuildFile; fileRef = D319137E18F1A4A900430BAD /* XPFilterExpression.m */; };
		D319138318F1A58A00430BAD /* TDCapitalizeFilter.h in Headers */ = {isa = PBXBuildFile; fileRef = D319138118F1A58A00430BAD /* TDCapitalizeFilter.h */; };
		D319138418F1A58A00430BAD /* TDCapitalizeFilter.m in Sources */ = {isa = PBXBuildFile; fileRef = D319138218F1A58A00430BAD /* TDCapitalizeFilter.m */; };
		D319138618F1A5C700430BAD /* TDFilter.h in Headers */ = {isa = PBXBuildFile; fileRef = D319138518F1A5C700430BAD /* TDFilter.h */; };
		D319138818F1A80300430BAD /* XPFilterExpressionTests.m in Sources */ = {isa = PBXBuildFile; fileRef = D319138718F1A80300430BAD /* XPFilterExpressionTests.m */; };
		D319138B18F1AC4500430BAD /* TDLowercaseFilter.h in Headers */ = {isa = PBXBuildFile; fileRef = D319138918F1AC4500430BAD /* TDLowercaseFilter.h */; };
		D319138C18F1AC4500430BAD /* TDLowercaseFilter.m in Sources */ = {isa = PBXBuildFile; fileRef = D319138A18F1AC4500430BAD /* TDLowercaseFilter.m */; };
		D319138F18F1AD1500430BAD /* TDUppercaseFilter.h in Headers */ = {isa = PBXBuildFile; fileRef = D319138D18F1AD1500430BAD /* TDUppercaseFilter.h */; };
		D319139018F1AD1500430BAD /* TDUppercaseFilter.m in Sources */ = {isa = PBXBuildFile; fileRef = D319138E18F1AD1500430BAD /* TDUppercaseFilter.m */; };
		D319139418F2ED3300430BAD /* TDVerbatimTag.h in Headers */ = {isa = PBXBuildFile; fileRef = D319139218F2ED3300430BAD /* TDVerbatimTag.h */; };
		D319139518F2ED3300430BAD /* TDVerbatimTag.m in Sources */ = {isa = PBXBuildFile; fileRef = D319139318F2ED3300430BAD /* TDVerbatimTag.m */; };
		D33915DE18F0818500BDA4FD /* XPArithmeticExpressionTests.m in Sources */ = {isa = PBXBuildFile; fileRef = D33915DD18F0818500BDA4FD /* XPArithmeticExpressionTests.m */; };
		D33915E418F081ED00BDA4FD /* XPPathExpressionTests.m in Sources */ = {isa = PBXBuildFile; fileRef = D33915E318F081ED00BDA4FD /* XPPathExpressionTests.m */; };
		D33915E618F09DFF00BDA4FD /* TDElseTagTests.m in Sources */ = {isa = PBXBuildFile; fileRef = D33915E518F09DFF00BDA4FD /* TDElseTagTests.m */; };
		D33915E918F0A08000BDA4FD /* TDElseTag.h in Headers */ = {isa = PBXBuildFile; fileRef = D33915E718F0A08000BDA4FD /* TDElseTag.h */; };
		D33915EA18F0A08000BDA4FD /* TDElseTag.m in Sources */ = {isa = PBXBuildFile; fileRef = D33915E818F0A08000BDA4FD /* TDElseTag.m */; };
		D33915ED18F0A0C500BDA4FD /* TDElseIfTag.h in Headers */ = {isa = PBXBuildFile; fileRef = D33915EB18F0A0C500BDA4FD /* TDElseIfTag.h */; };
		D33915EE18F0A0C500BDA4FD /* TDElseIfTag.m in Sources */ = {isa = PBXBuildFile; fileRef = D33915EC18F0A0C500BDA4FD /* TDElseIfTag.m */; };
		D367DFC918E5EF6900F97BCC /* XCTest.framework in Frameworks */ = {isa = PBXBuildFile; fileRef = D367DFC818E5EF6900F97BCC /* XCTest.framework */; };
		D367DFCD18E5EF6900F97BCC /* TDTemplateEngine.framework in Frameworks */ = {isa = PBXBuildFile; fileRef = D367DFB018E5EF6900F97BCC /* TDTemplateEngine.framework */; };
		D369BD4218EF7F6A003E715B /* TDForLoop.h in Headers */ = {isa = PBXBuildFile; fileRef = D369BD4018EF7F6A003E715B /* TDForLoop.h */; };
		D369BD4318EF7F6A003E715B /* TDForLoop.m in Sources */ = {isa = PBXBuildFile; fileRef = D369BD4118EF7F6A003E715B /* TDForLoop.m */; };
		D369BD4A18EF8921003E715B /* XPEnumeration.h in Headers */ = {isa = PBXBuildFile; fileRef = D369BD4818EF8921003E715B /* XPEnumeration.h */; };
		D369BD4B18EF8921003E715B /* XPEnumeration.m in Sources */ = {isa = PBXBuildFile; fileRef = D369BD4918EF8921003E715B /* XPEnumeration.m */; };
		D37BC6B518F4415200938644 /* TDDateFormatFilter.h in Headers */ = {isa = PBXBuildFile; fileRef = D37BC6B318F4415200938644 /* TDDateFormatFilter.h */; };
		D37BC6B618F4415200938644 /* TDDateFormatFilter.m in Sources */ = {isa = PBXBuildFile; fileRef = D37BC6B418F4415200938644 /* TDDateFormatFilter.m */; };
		D398E2EF18EA2C51004B883C /* TDTemplateParser.h in Headers */ = {isa = PBXBuildFile; fileRef = D398E2ED18EA2C51004B883C /* TDTemplateParser.h */; };
		D398E2F018EA2C51004B883C /* TDTemplateParser.m in Sources */ = {isa = PBXBuildFile; fileRef = D398E2EE18EA2C51004B883C /* TDTemplateParser.m */; };
		D3A29D8218E5F57300DC591E /* TDTemplateEngine.h in Headers */ = {isa = PBXBuildFile; fileRef = D3A29D8118E5F57300DC591E /* TDTemplateEngine.h */; settings = {ATTRIBUTES = (Public, ); }; };
		D3A29D8418E5F57E00DC591E /* TDTemplateEngine.m in Sources */ = {isa = PBXBuildFile; fileRef = D3A29D8318E5F57E00DC591E /* TDTemplateEngine.m */; };
		D3A29D8A18E5F5A500DC591E /* InfoPlist.strings in Resources */ = {isa = PBXBuildFile; fileRef = D3A29D8818E5F5A500DC591E /* InfoPlist.strings */; };
		D3A29D9218E5F5D900DC591E /* InfoPlist.strings in Resources */ = {isa = PBXBuildFile; fileRef = D3A29D9018E5F5D900DC591E /* InfoPlist.strings */; };
		D3A29D9418E5F60100DC591E /* Foundation.framework in Frameworks */ = {isa = PBXBuildFile; fileRef = D3A29D9318E5F60100DC591E /* Foundation.framework */; };
		D3A29DAA18E609E700DC591E /* TDNode.h in Headers */ = {isa = PBXBuildFile; fileRef = D3A29DA818E609E700DC591E /* TDNode.h */; settings = {ATTRIBUTES = (Public, ); }; };
		D3A29DAB18E609E700DC591E /* TDNode.m in Sources */ = {isa = PBXBuildFile; fileRef = D3A29DA918E609E700DC591E /* TDNode.m */; };
		D3A29DB618E60E4500DC591E /* TDPrintNode.h in Headers */ = {isa = PBXBuildFile; fileRef = D3A29DB418E60E4500DC591E /* TDPrintNode.h */; };
		D3A29DB718E60E4500DC591E /* TDPrintNode.m in Sources */ = {isa = PBXBuildFile; fileRef = D3A29DB518E60E4500DC591E /* TDPrintNode.m */; };
		D3A29DBA18E60F9F00DC591E /* TDRootNode.h in Headers */ = {isa = PBXBuildFile; fileRef = D3A29DB818E60F9F00DC591E /* TDRootNode.h */; };
		D3A29DBB18E60F9F00DC591E /* TDRootNode.m in Sources */ = {isa = PBXBuildFile; fileRef = D3A29DB918E60F9F00DC591E /* TDRootNode.m */; };
		D3A29DBE18E61ACA00DC591E /* TDTextNode.h in Headers */ = {isa = PBXBuildFile; fileRef = D3A29DBC18E61ACA00DC591E /* TDTextNode.h */; };
		D3A29DBF18E61ACA00DC591E /* TDTextNode.m in Sources */ = {isa = PBXBuildFile; fileRef = D3A29DBD18E61ACA00DC591E /* TDTextNode.m */; };
		D3A29DD118E63A1C00DC591E /* TDTemplateContext.m in Sources */ = {isa = PBXBuildFile; fileRef = D3A29DCF18E63A1C00DC591E /* TDTemplateContext.m */; };
		D3A29DD618E63D4F00DC591E /* TDForTag.h in Headers */ = {isa = PBXBuildFile; fileRef = D3A29DD418E63D4F00DC591E /* TDForTag.h */; };
		D3A29DD718E63D4F00DC591E /* TDForTag.m in Sources */ = {isa = PBXBuildFile; fileRef = D3A29DD518E63D4F00DC591E /* TDForTag.m */; };
		D3A29DDB18E63D5B00DC591E /* TDTag.m in Sources */ = {isa = PBXBuildFile; fileRef = D3A29DD918E63D5B00DC591E /* TDTag.m */; };
		D3A29DDD18E63D6D00DC591E /* TDTag.h in Headers */ = {isa = PBXBuildFile; fileRef = D3A29DDC18E63D6D00DC591E /* TDTag.h */; settings = {ATTRIBUTES = (Public, ); }; };
		D3A29DE018E6423500DC591E /* TDIfTag.h in Headers */ = {isa = PBXBuildFile; fileRef = D3A29DDE18E6423500DC591E /* TDIfTag.h */; };
		D3A29DEA18E64FB800DC591E /* TDTemplateContext.h in Headers */ = {isa = PBXBuildFile; fileRef = D3A29DE918E64FB800DC591E /* TDTemplateContext.h */; settings = {ATTRIBUTES = (Public, ); }; };
		D3A29DF518E6583600DC591E /* XPExpression.h in Headers */ = {isa = PBXBuildFile; fileRef = D3A29DF418E6583600DC591E /* XPExpression.h */; settings = {ATTRIBUTES = (Public, ); }; };
		D3A29DFF18E6584D00DC591E /* XPBooleanValue.h in Headers */ = {isa = PBXBuildFile; fileRef = D3A29DF618E6584D00DC591E /* XPBooleanValue.h */; };
		D3A29E0018E6584D00DC591E /* XPBooleanValue.m in Sources */ = {isa = PBXBuildFile; fileRef = D3A29DF718E6584D00DC591E /* XPBooleanValue.m */; };
		D3A29E0118E6584D00DC591E /* XPExpression.m in Sources */ = {isa = PBXBuildFile; fileRef = D3A29DF818E6584D00DC591E /* XPExpression.m */; };
		D3A29E0218E6584D00DC591E /* XPNumericValue.h in Headers */ = {isa = PBXBuildFile; fileRef = D3A29DF918E6584D00DC591E /* XPNumericValue.h */; };
		D3A29E0318E6584D00DC591E /* XPNumericValue.m in Sources */ = {isa = PBXBuildFile; fileRef = D3A29DFA18E6584D00DC591E /* XPNumericValue.m */; };
		D3A29E0418E6584D00DC591E /* XPStringValue.h in Headers */ = {isa = PBXBuildFile; fileRef = D3A29DFB18E6584D00DC591E /* XPStringValue.h */; };
		D3A29E0518E6584D00DC591E /* XPStringValue.m in Sources */ = {isa = PBXBuildFile; fileRef = D3A29DFC18E6584D00DC591E /* XPStringValue.m */; };
		D3A29E0618E6584D00DC591E /* XPValue.h in Headers */ = {isa = PBXBuildFile; fileRef = D3A29DFD18E6584D00DC591E /* XPValue.h */; };
		D3A29E0718E6584D00DC591E /* XPValue.m in Sources */ = {isa = PBXBuildFile; fileRef = D3A29DFE18E6584D00DC591E /* XPValue.m */; };
		D3A29E0E18E65AC400DC591E /* XPParser.h in Headers */ = {isa = PBXBuildFile; fileRef = D3A29E0C18E65AC400DC591E /* XPParser.h */; };
		D3A29E0F18E65AC400DC591E /* XPParser.m in Sources */ = {isa = PBXBuildFile; fileRef = D3A29E0D18E65AC400DC591E /* XPParser.m */; };
		D3A29E1718E6678500DC591E /* TDIfTag.m in Sources */ = {isa = PBXBuildFile; fileRef = D3A29DDF18E6423500DC591E /* TDIfTag.m */; };
		D3A29E2B18E75D3B00DC591E /* XPArithmeticExpression.h in Headers */ = {isa = PBXBuildFile; fileRef = D3A29E2318E75D3B00DC591E /* XPArithmeticExpression.h */; };
		D3A29E2C18E75D3B00DC591E /* XPArithmeticExpression.m in Sources */ = {isa = PBXBuildFile; fileRef = D3A29E2418E75D3B00DC591E /* XPArithmeticExpression.m */; };
		D3A29E2D18E75D3B00DC591E /* XPBinaryExpression.h in Headers */ = {isa = PBXBuildFile; fileRef = D3A29E2518E75D3B00DC591E /* XPBinaryExpression.h */; };
		D3A29E2E18E75D3B00DC591E /* XPBinaryExpression.m in Sources */ = {isa = PBXBuildFile; fileRef = D3A29E2618E75D3B00DC591E /* XPBinaryExpression.m */; };
		D3A29E2F18E75D3B00DC591E /* XPBooleanExpression.h in Headers */ = {isa = PBXBuildFile; fileRef = D3A29E2718E75D3B00DC591E /* XPBooleanExpression.h */; };
		D3A29E3018E75D3B00DC591E /* XPBooleanExpression.m in Sources */ = {isa = PBXBuildFile; fileRef = D3A29E2818E75D3B00DC591E /* XPBooleanExpression.m */; };
		D3A29E3118E75D3B00DC591E /* XPRelationalExpression.h in Headers */ = {isa = PBXBuildFile; fileRef = D3A29E2918E75D3B00DC591E /* XPRelationalExpression.h */; };
		D3A29E3218E75D3B00DC591E /* XPRelationalExpression.m in Sources */ = {isa = PBXBuildFile; fileRef = D3A29E2A18E75D3B00DC591E /* XPRelationalExpression.m */; };
		D3A29E3518E7700500DC591E /* XPEqualityExpressionTests.m in Sources */ = {isa = PBXBuildFile; fileRef = D3A29E3418E7700500DC591E /* XPEqualityExpressionTests.m */; };
		D3A29E3918E7AA3100DC591E /* XPPathExpression.h in Headers */ = {isa = PBXBuildFile; fileRef = D3A29E3718E7AA3100DC591E /* XPPathExpression.h */; };
		D3A29E3A18E7AA3100DC591E /* XPPathExpression.m in Sources */ = {isa = PBXBuildFile; fileRef = D3A29E3818E7AA3100DC591E /* XPPathExpression.m */; };
		D3A29E3D18E7B31A00DC591E /* XPObjectValue.h in Headers */ = {isa = PBXBuildFile; fileRef = D3A29E3B18E7B31A00DC591E /* XPObjectValue.h */; };
		D3A29E3E18E7B31A00DC591E /* XPObjectValue.m in Sources */ = {isa = PBXBuildFile; fileRef = D3A29E3C18E7B31A00DC591E /* XPObjectValue.m */; };
		D3A3E54D18EC5706004FEB2C /* TDForTagTests.m in Sources */ = {isa = PBXBuildFile; fileRef = D3A3E54A18EC5706004FEB2C /* TDForTagTests.m */; };
		D3A3E54E18EC5706004FEB2C /* TDIfTagTests.m in Sources */ = {isa = PBXBuildFile; fileRef = D3A3E54B18EC5706004FEB2C /* TDIfTagTests.m */; };
		D3A3E54F18EC5706004FEB2C /* TDPrintNodeTests.m in Sources */ = {isa = PBXBuildFile; fileRef = D3A3E54C18EC5706004FEB2C /* TDPrintNodeTests.m */; };
		D3A7E26B18EF9286009BFD96 /* TDTemplateEngine+XPExpressionSupport.h in Headers */ = {isa = PBXBuildFile; fileRef = D3A7E26918EF9286009BFD96 /* TDTemplateEngine+XPExpressionSupport.h */; };
		D3A7E26C18EF9286009BFD96 /* TDTemplateEngine+XPExpressionSupport.m in Sources */ = {isa = PBXBuildFile; fileRef = D3A7E26A18EF9286009BFD96 /* TDTemplateEngine+XPExpressionSupport.m */; };
		D3A7E27318F07782009BFD96 /* TDCommentTag.h in Headers */ = {isa = PBXBuildFile; fileRef = D3A7E27118F07782009BFD96 /* TDCommentTag.h */; };
		D3A7E27418F07782009BFD96 /* TDCommentTag.m in Sources */ = {isa = PBXBuildFile; fileRef = D3A7E27218F07782009BFD96 /* TDCommentTag.m */; };
		D3A7E27618F0788D009BFD96 /* TDCommentTagTests.m in Sources */ = {isa = PBXBuildFile; fileRef = D3A7E27518F0788D009BFD96 /* TDCommentTagTests.m */; };
		D3B982FD18F0804D00EEFE99 /* XPRelationalExpressionTests.m in Sources */ = {isa = PBXBuildFile; fileRef = D3B982FC18F0804D00EEFE99 /* XPRelationalExpressionTests.m */; };
		D3B9830318F080BE00EEFE99 /* XPBooleanExpressionTests.m in Sources */ = {isa = PBXBuildFile; fileRef = D3B9830218F080BE00EEFE99 /* XPBooleanExpressionTests.m */; };
		D3BB32E418F76116005E0A3A /* PKToken+Verbatim.h in Headers */ = {isa = PBXBuildFile; fileRef = D3BB32E218F76116005E0A3A /* PKToken+Verbatim.h */; };
		D3BB32E518F76116005E0A3A /* PKToken+Verbatim.m in Sources */ = {isa = PBXBuildFile; fileRef = D3BB32E318F76116005E0A3A /* PKToken+Verbatim.m */; };
		D3CAF8AB18EDF27F00166A95 /* XPCollectionExpression.h in Headers */ = {isa = PBXBuildFile; fileRef = D3CAF8A918EDF27F00166A95 /* XPCollectionExpression.h */; };
		D3CAF8AC18EDF27F00166A95 /* XPCollectionExpression.m in Sources */ = {isa = PBXBuildFile; fileRef = D3CAF8AA18EDF27F00166A95 /* XPCollectionExpression.m */; };
		D3CAF8AF18EDF39200166A95 /* XPLoopExpression.h in Headers */ = {isa = PBXBuildFile; fileRef = D3CAF8AD18EDF39200166A95 /* XPLoopExpression.h */; };
		D3CAF8B018EDF39200166A95 /* XPLoopExpression.m in Sources */ = {isa = PBXBuildFile; fileRef = D3CAF8AE18EDF39200166A95 /* XPLoopExpression.m */; };
		D3CAF8B518EF3B5C00166A95 /* XPCollectionExpressionTests.m in Sources */ = {isa = PBXBuildFile; fileRef = D3CAF8B318EF3ABD00166A95 /* XPCollectionExpressionTests.m */; };
		D3CAF8B718EF3C9100166A95 /* XPRangeExpressionTests.m in Sources */ = {isa = PBXBuildFile; fileRef = D3CAF8B618EF3C9100166A95 /* XPRangeExpressionTests.m */; };
		D3CAF8BA18EF577100166A95 /* XPNegationExpression.h in Headers */ = {isa = PBXBuildFile; fileRef = D3CAF8B818EF577000166A95 /* XPNegationExpression.h */; };
		D3CAF8BB18EF577100166A95 /* XPNegationExpression.m in Sources */ = {isa = PBXBuildFile; fileRef = D3CAF8B918EF577100166A95 /* XPNegationExpression.m */; };
		D3CAF8BE18EF5A0000166A95 /* XPNegationExpressionTests.m in Sources */ = {isa = PBXBuildFile; fileRef = D3CAF8BC18EF59EB00166A95 /* XPNegationExpressionTests.m */; };
		D3E8E92918F2F01F0091C98D /* TDVerbatimTagTests.m in Sources */ = {isa = PBXBuildFile; fileRef = D319139618F2EF7000430BAD /* TDVerbatimTagTests.m */; };
		D3F5063818EC5C9800BAC93B /* XPRangeExpression.h in Headers */ = {isa = PBXBuildFile; fileRef = D3F5063618EC5C9800BAC93B /* XPRangeExpression.h */; };
		D3F5063918EC5C9800BAC93B /* XPRangeExpression.m in Sources */ = {isa = PBXBuildFile; fileRef = D3F5063718EC5C9800BAC93B /* XPRangeExpression.m */; };
		D3F5064518ECA12500BAC93B /* TDWriter.m in Sources */ = {isa = PBXBuildFile; fileRef = D3F5064318ECA12500BAC93B /* TDWriter.m */; };
		D3F5064818ECA36B00BAC93B /* TDWriter.h in Headers */ = {isa = PBXBuildFile; fileRef = D3F5064718ECA36B00BAC93B /* TDWriter.h */; settings = {ATTRIBUTES = (Public, ); }; };
/* End PBXBuildFile section */

/* Begin PBXContainerItemProxy section */
		D367DFCB18E5EF6900F97BCC /* PBXContainerItemProxy */ = {
			isa = PBXContainerItemProxy;
			containerPortal = D367DFA718E5EF6800F97BCC /* Project object */;
			proxyType = 1;
			remoteGlobalIDString = D367DFAF18E5EF6900F97BCC;
			remoteInfo = TDTemplateEngine;
		};
/* End PBXContainerItemProxy section */

/* Begin PBXFileReference section */
		D306D9C218F5851D00E32DDC /* XPBaseExpressionTests.m */ = {isa = PBXFileReference; fileEncoding = 4; lastKnownFileType = sourcecode.c.objc; name = XPBaseExpressionTests.m; path = test/XPBaseExpressionTests.m; sourceTree = SOURCE_ROOT; };
		D306D9C418F5854000E32DDC /* XPBaseExpressionTests.h */ = {isa = PBXFileReference; fileEncoding = 4; lastKnownFileType = sourcecode.c.h; name = XPBaseExpressionTests.h; path = test/XPBaseExpressionTests.h; sourceTree = SOURCE_ROOT; };
		D319137018F197D400430BAD /* PEGKit.framework */ = {isa = PBXFileReference; lastKnownFileType = wrapper.framework; name = PEGKit.framework; path = "../../../Library/Developer/Xcode/DerivedData/TDTemplateEngine-fzzezlziivpwkibrtiisnixrvvso/Build/Products/Debug/PEGKit.framework"; sourceTree = "<group>"; };
		D319137A18F1A46100430BAD /* TDFilter.m */ = {isa = PBXFileReference; fileEncoding = 4; lastKnownFileType = sourcecode.c.objc; name = TDFilter.m; path = src/TDFilter.m; sourceTree = SOURCE_ROOT; };
		D319137D18F1A4A900430BAD /* XPFilterExpression.h */ = {isa = PBXFileReference; fileEncoding = 4; lastKnownFileType = sourcecode.c.h; name = XPFilterExpression.h; path = src/XPFilterExpression.h; sourceTree = SOURCE_ROOT; };
		D319137E18F1A4A900430BAD /* XPFilterExpression.m */ = {isa = PBXFileReference; fileEncoding = 4; lastKnownFileType = sourcecode.c.objc; name = XPFilterExpression.m; path = src/XPFilterExpression.m; sourceTree = SOURCE_ROOT; };
		D319138118F1A58A00430BAD /* TDCapitalizeFilter.h */ = {isa = PBXFileReference; fileEncoding = 4; lastKnownFileType = sourcecode.c.h; name = TDCapitalizeFilter.h; path = src/TDCapitalizeFilter.h; sourceTree = SOURCE_ROOT; };
		D319138218F1A58A00430BAD /* TDCapitalizeFilter.m */ = {isa = PBXFileReference; fileEncoding = 4; lastKnownFileType = sourcecode.c.objc; name = TDCapitalizeFilter.m; path = src/TDCapitalizeFilter.m; sourceTree = SOURCE_ROOT; };
		D319138518F1A5C700430BAD /* TDFilter.h */ = {isa = PBXFileReference; fileEncoding = 4; lastKnownFileType = sourcecode.c.h; name = TDFilter.h; path = include/TDTemplateEngine/TDFilter.h; sourceTree = SOURCE_ROOT; };
		D319138718F1A80300430BAD /* XPFilterExpressionTests.m */ = {isa = PBXFileReference; fileEncoding = 4; lastKnownFileType = sourcecode.c.objc; name = XPFilterExpressionTests.m; path = test/XPFilterExpressionTests.m; sourceTree = SOURCE_ROOT; };
		D319138918F1AC4500430BAD /* TDLowercaseFilter.h */ = {isa = PBXFileReference; fileEncoding = 4; lastKnownFileType = sourcecode.c.h; name = TDLowercaseFilter.h; path = src/TDLowercaseFilter.h; sourceTree = SOURCE_ROOT; };
		D319138A18F1AC4500430BAD /* TDLowercaseFilter.m */ = {isa = PBXFileReference; fileEncoding = 4; lastKnownFileType = sourcecode.c.objc; name = TDLowercaseFilter.m; path = src/TDLowercaseFilter.m; sourceTree = SOURCE_ROOT; };
		D319138D18F1AD1500430BAD /* TDUppercaseFilter.h */ = {isa = PBXFileReference; fileEncoding = 4; lastKnownFileType = sourcecode.c.h; name = TDUppercaseFilter.h; path = src/TDUppercaseFilter.h; sourceTree = SOURCE_ROOT; };
		D319138E18F1AD1500430BAD /* TDUppercaseFilter.m */ = {isa = PBXFileReference; fileEncoding = 4; lastKnownFileType = sourcecode.c.objc; name = TDUppercaseFilter.m; path = src/TDUppercaseFilter.m; sourceTree = SOURCE_ROOT; };
		D319139218F2ED3300430BAD /* TDVerbatimTag.h */ = {isa = PBXFileReference; fileEncoding = 4; lastKnownFileType = sourcecode.c.h; name = TDVerbatimTag.h; path = src/TDVerbatimTag.h; sourceTree = SOURCE_ROOT; };
		D319139318F2ED3300430BAD /* TDVerbatimTag.m */ = {isa = PBXFileReference; fileEncoding = 4; lastKnownFileType = sourcecode.c.objc; name = TDVerbatimTag.m; path = src/TDVerbatimTag.m; sourceTree = SOURCE_ROOT; };
		D319139618F2EF7000430BAD /* TDVerbatimTagTests.m */ = {isa = PBXFileReference; fileEncoding = 4; lastKnownFileType = sourcecode.c.objc; name = TDVerbatimTagTests.m; path = test/TDVerbatimTagTests.m; sourceTree = SOURCE_ROOT; };
		D33915DD18F0818500BDA4FD /* XPArithmeticExpressionTests.m */ = {isa = PBXFileReference; fileEncoding = 4; lastKnownFileType = sourcecode.c.objc; name = XPArithmeticExpressionTests.m; path = test/XPArithmeticExpressionTests.m; sourceTree = SOURCE_ROOT; };
		D33915E318F081ED00BDA4FD /* XPPathExpressionTests.m */ = {isa = PBXFileReference; fileEncoding = 4; lastKnownFileType = sourcecode.c.objc; name = XPPathExpressionTests.m; path = test/XPPathExpressionTests.m; sourceTree = SOURCE_ROOT; };
		D33915E518F09DFF00BDA4FD /* TDElseTagTests.m */ = {isa = PBXFileReference; fileEncoding = 4; lastKnownFileType = sourcecode.c.objc; name = TDElseTagTests.m; path = test/TDElseTagTests.m; sourceTree = SOURCE_ROOT; };
		D33915E718F0A08000BDA4FD /* TDElseTag.h */ = {isa = PBXFileReference; fileEncoding = 4; lastKnownFileType = sourcecode.c.h; name = TDElseTag.h; path = src/TDElseTag.h; sourceTree = SOURCE_ROOT; };
		D33915E818F0A08000BDA4FD /* TDElseTag.m */ = {isa = PBXFileReference; fileEncoding = 4; lastKnownFileType = sourcecode.c.objc; name = TDElseTag.m; path = src/TDElseTag.m; sourceTree = SOURCE_ROOT; };
		D33915EB18F0A0C500BDA4FD /* TDElseIfTag.h */ = {isa = PBXFileReference; fileEncoding = 4; lastKnownFileType = sourcecode.c.h; name = TDElseIfTag.h; path = src/TDElseIfTag.h; sourceTree = SOURCE_ROOT; };
		D33915EC18F0A0C500BDA4FD /* TDElseIfTag.m */ = {isa = PBXFileReference; fileEncoding = 4; lastKnownFileType = sourcecode.c.objc; name = TDElseIfTag.m; path = src/TDElseIfTag.m; sourceTree = SOURCE_ROOT; };
		D367DFB018E5EF6900F97BCC /* TDTemplateEngine.framework */ = {isa = PBXFileReference; explicitFileType = wrapper.framework; includeInIndex = 0; path = TDTemplateEngine.framework; sourceTree = BUILT_PRODUCTS_DIR; };
		D367DFC718E5EF6900F97BCC /* TDTemplateEngineTests.xctest */ = {isa = PBXFileReference; explicitFileType = wrapper.cfbundle; includeInIndex = 0; path = TDTemplateEngineTests.xctest; sourceTree = BUILT_PRODUCTS_DIR; };
		D367DFC818E5EF6900F97BCC /* XCTest.framework */ = {isa = PBXFileReference; lastKnownFileType = wrapper.framework; name = XCTest.framework; path = Library/Frameworks/XCTest.framework; sourceTree = DEVELOPER_DIR; };
		D369BD4018EF7F6A003E715B /* TDForLoop.h */ = {isa = PBXFileReference; fileEncoding = 4; lastKnownFileType = sourcecode.c.h; name = TDForLoop.h; path = src/TDForLoop.h; sourceTree = SOURCE_ROOT; };
		D369BD4118EF7F6A003E715B /* TDForLoop.m */ = {isa = PBXFileReference; fileEncoding = 4; lastKnownFileType = sourcecode.c.objc; name = TDForLoop.m; path = src/TDForLoop.m; sourceTree = SOURCE_ROOT; };
		D369BD4818EF8921003E715B /* XPEnumeration.h */ = {isa = PBXFileReference; fileEncoding = 4; lastKnownFileType = sourcecode.c.h; name = XPEnumeration.h; path = src/XPEnumeration.h; sourceTree = SOURCE_ROOT; };
		D369BD4918EF8921003E715B /* XPEnumeration.m */ = {isa = PBXFileReference; fileEncoding = 4; lastKnownFileType = sourcecode.c.objc; name = XPEnumeration.m; path = src/XPEnumeration.m; sourceTree = SOURCE_ROOT; };
		D37BC6B318F4415200938644 /* TDDateFormatFilter.h */ = {isa = PBXFileReference; fileEncoding = 4; lastKnownFileType = sourcecode.c.h; name = TDDateFormatFilter.h; path = src/TDDateFormatFilter.h; sourceTree = SOURCE_ROOT; };
		D37BC6B418F4415200938644 /* TDDateFormatFilter.m */ = {isa = PBXFileReference; fileEncoding = 4; lastKnownFileType = sourcecode.c.objc; name = TDDateFormatFilter.m; path = src/TDDateFormatFilter.m; sourceTree = SOURCE_ROOT; };
		D398E2ED18EA2C51004B883C /* TDTemplateParser.h */ = {isa = PBXFileReference; fileEncoding = 4; lastKnownFileType = sourcecode.c.h; name = TDTemplateParser.h; path = src/TDTemplateParser.h; sourceTree = SOURCE_ROOT; };
		D398E2EE18EA2C51004B883C /* TDTemplateParser.m */ = {isa = PBXFileReference; fileEncoding = 4; lastKnownFileType = sourcecode.c.objc; name = TDTemplateParser.m; path = src/TDTemplateParser.m; sourceTree = SOURCE_ROOT; };
		D3A29D8118E5F57300DC591E /* TDTemplateEngine.h */ = {isa = PBXFileReference; fileEncoding = 4; lastKnownFileType = sourcecode.c.h; name = TDTemplateEngine.h; path = include/TDTemplateEngine/TDTemplateEngine.h; sourceTree = SOURCE_ROOT; };
		D3A29D8318E5F57E00DC591E /* TDTemplateEngine.m */ = {isa = PBXFileReference; fileEncoding = 4; lastKnownFileType = sourcecode.c.objc; name = TDTemplateEngine.m; path = src/TDTemplateEngine.m; sourceTree = SOURCE_ROOT; };
		D3A29D8518E5F58700DC591E /* TDTemplateEngine-Info.plist */ = {isa = PBXFileReference; lastKnownFileType = text.plist.xml; name = "TDTemplateEngine-Info.plist"; path = "res/TDTemplateEngine-Info.plist"; sourceTree = SOURCE_ROOT; };
		D3A29D8618E5F5A000DC591E /* TDTemplateEngine-Prefix.pch */ = {isa = PBXFileReference; fileEncoding = 4; lastKnownFileType = sourcecode.c.h; name = "TDTemplateEngine-Prefix.pch"; path = "res/TDTemplateEngine-Prefix.pch"; sourceTree = SOURCE_ROOT; };
		D3A29D8918E5F5A500DC591E /* en */ = {isa = PBXFileReference; lastKnownFileType = text.plist.strings; name = en; path = res/en.lproj/InfoPlist.strings; sourceTree = SOURCE_ROOT; };
		D3A29D8B18E5F5B300DC591E /* TDTestScaffold.h */ = {isa = PBXFileReference; fileEncoding = 4; lastKnownFileType = sourcecode.c.h; name = TDTestScaffold.h; path = test/TDTestScaffold.h; sourceTree = SOURCE_ROOT; };
		D3A29D8F18E5F5CC00DC591E /* TDTemplateEngineTests-Info.plist */ = {isa = PBXFileReference; lastKnownFileType = text.plist.xml; name = "TDTemplateEngineTests-Info.plist"; path = "test/TDTemplateEngineTests-Info.plist"; sourceTree = SOURCE_ROOT; };
		D3A29D9118E5F5D900DC591E /* en */ = {isa = PBXFileReference; lastKnownFileType = text.plist.strings; name = en; path = test/en.lproj/InfoPlist.strings; sourceTree = SOURCE_ROOT; };
		D3A29D9318E5F60100DC591E /* Foundation.framework */ = {isa = PBXFileReference; lastKnownFileType = wrapper.framework; name = Foundation.framework; path = System/Library/Frameworks/Foundation.framework; sourceTree = SDKROOT; };
		D3A29DA818E609E700DC591E /* TDNode.h */ = {isa = PBXFileReference; fileEncoding = 4; lastKnownFileType = sourcecode.c.h; name = TDNode.h; path = src/TDNode.h; sourceTree = SOURCE_ROOT; };
		D3A29DA918E609E700DC591E /* TDNode.m */ = {isa = PBXFileReference; fileEncoding = 4; lastKnownFileType = sourcecode.c.objc; name = TDNode.m; path = src/TDNode.m; sourceTree = SOURCE_ROOT; };
		D3A29DB418E60E4500DC591E /* TDPrintNode.h */ = {isa = PBXFileReference; fileEncoding = 4; lastKnownFileType = sourcecode.c.h; name = TDPrintNode.h; path = src/TDPrintNode.h; sourceTree = SOURCE_ROOT; };
		D3A29DB518E60E4500DC591E /* TDPrintNode.m */ = {isa = PBXFileReference; fileEncoding = 4; lastKnownFileType = sourcecode.c.objc; name = TDPrintNode.m; path = src/TDPrintNode.m; sourceTree = SOURCE_ROOT; };
		D3A29DB818E60F9F00DC591E /* TDRootNode.h */ = {isa = PBXFileReference; fileEncoding = 4; lastKnownFileType = sourcecode.c.h; name = TDRootNode.h; path = src/TDRootNode.h; sourceTree = SOURCE_ROOT; };
		D3A29DB918E60F9F00DC591E /* TDRootNode.m */ = {isa = PBXFileReference; fileEncoding = 4; lastKnownFileType = sourcecode.c.objc; name = TDRootNode.m; path = src/TDRootNode.m; sourceTree = SOURCE_ROOT; };
		D3A29DBC18E61ACA00DC591E /* TDTextNode.h */ = {isa = PBXFileReference; fileEncoding = 4; lastKnownFileType = sourcecode.c.h; name = TDTextNode.h; path = src/TDTextNode.h; sourceTree = SOURCE_ROOT; };
		D3A29DBD18E61ACA00DC591E /* TDTextNode.m */ = {isa = PBXFileReference; fileEncoding = 4; lastKnownFileType = sourcecode.c.objc; name = TDTextNode.m; path = src/TDTextNode.m; sourceTree = SOURCE_ROOT; };
		D3A29DCF18E63A1C00DC591E /* TDTemplateContext.m */ = {isa = PBXFileReference; fileEncoding = 4; lastKnownFileType = sourcecode.c.objc; name = TDTemplateContext.m; path = src/TDTemplateContext.m; sourceTree = SOURCE_ROOT; };
		D3A29DD418E63D4F00DC591E /* TDForTag.h */ = {isa = PBXFileReference; fileEncoding = 4; lastKnownFileType = sourcecode.c.h; name = TDForTag.h; path = src/TDForTag.h; sourceTree = SOURCE_ROOT; };
		D3A29DD518E63D4F00DC591E /* TDForTag.m */ = {isa = PBXFileReference; fileEncoding = 4; lastKnownFileType = sourcecode.c.objc; name = TDForTag.m; path = src/TDForTag.m; sourceTree = SOURCE_ROOT; };
		D3A29DD918E63D5B00DC591E /* TDTag.m */ = {isa = PBXFileReference; fileEncoding = 4; lastKnownFileType = sourcecode.c.objc; name = TDTag.m; path = src/TDTag.m; sourceTree = SOURCE_ROOT; };
		D3A29DDC18E63D6D00DC591E /* TDTag.h */ = {isa = PBXFileReference; fileEncoding = 4; lastKnownFileType = sourcecode.c.h; name = TDTag.h; path = include/TDTemplateEngine/TDTag.h; sourceTree = SOURCE_ROOT; };
		D3A29DDE18E6423500DC591E /* TDIfTag.h */ = {isa = PBXFileReference; fileEncoding = 4; lastKnownFileType = sourcecode.c.h; name = TDIfTag.h; path = src/TDIfTag.h; sourceTree = SOURCE_ROOT; };
		D3A29DDF18E6423500DC591E /* TDIfTag.m */ = {isa = PBXFileReference; fileEncoding = 4; lastKnownFileType = sourcecode.c.objc; name = TDIfTag.m; path = src/TDIfTag.m; sourceTree = SOURCE_ROOT; };
		D3A29DE918E64FB800DC591E /* TDTemplateContext.h */ = {isa = PBXFileReference; fileEncoding = 4; lastKnownFileType = sourcecode.c.h; name = TDTemplateContext.h; path = include/TDTemplateEngine/TDTemplateContext.h; sourceTree = SOURCE_ROOT; };
		D3A29DF418E6583600DC591E /* XPExpression.h */ = {isa = PBXFileReference; fileEncoding = 4; lastKnownFileType = sourcecode.c.h; name = XPExpression.h; path = include/TDTemplateEngine/XPExpression.h; sourceTree = SOURCE_ROOT; };
		D3A29DF618E6584D00DC591E /* XPBooleanValue.h */ = {isa = PBXFileReference; fileEncoding = 4; lastKnownFileType = sourcecode.c.h; lineEnding = 0; name = XPBooleanValue.h; path = src/XPBooleanValue.h; sourceTree = SOURCE_ROOT; xcLanguageSpecificationIdentifier = xcode.lang.objcpp; };
		D3A29DF718E6584D00DC591E /* XPBooleanValue.m */ = {isa = PBXFileReference; fileEncoding = 4; lastKnownFileType = sourcecode.c.objc; name = XPBooleanValue.m; path = src/XPBooleanValue.m; sourceTree = SOURCE_ROOT; };
		D3A29DF818E6584D00DC591E /* XPExpression.m */ = {isa = PBXFileReference; fileEncoding = 4; lastKnownFileType = sourcecode.c.objc; lineEnding = 0; name = XPExpression.m; path = src/XPExpression.m; sourceTree = SOURCE_ROOT; xcLanguageSpecificationIdentifier = xcode.lang.objc; };
		D3A29DF918E6584D00DC591E /* XPNumericValue.h */ = {isa = PBXFileReference; fileEncoding = 4; lastKnownFileType = sourcecode.c.h; lineEnding = 0; name = XPNumericValue.h; path = src/XPNumericValue.h; sourceTree = SOURCE_ROOT; xcLanguageSpecificationIdentifier = xcode.lang.objcpp; };
		D3A29DFA18E6584D00DC591E /* XPNumericValue.m */ = {isa = PBXFileReference; fileEncoding = 4; lastKnownFileType = sourcecode.c.objc; name = XPNumericValue.m; path = src/XPNumericValue.m; sourceTree = SOURCE_ROOT; };
		D3A29DFB18E6584D00DC591E /* XPStringValue.h */ = {isa = PBXFileReference; fileEncoding = 4; lastKnownFileType = sourcecode.c.h; lineEnding = 0; name = XPStringValue.h; path = src/XPStringValue.h; sourceTree = SOURCE_ROOT; xcLanguageSpecificationIdentifier = xcode.lang.objcpp; };
		D3A29DFC18E6584D00DC591E /* XPStringValue.m */ = {isa = PBXFileReference; fileEncoding = 4; lastKnownFileType = sourcecode.c.objc; name = XPStringValue.m; path = src/XPStringValue.m; sourceTree = SOURCE_ROOT; };
		D3A29DFD18E6584D00DC591E /* XPValue.h */ = {isa = PBXFileReference; fileEncoding = 4; lastKnownFileType = sourcecode.c.h; name = XPValue.h; path = src/XPValue.h; sourceTree = SOURCE_ROOT; };
		D3A29DFE18E6584D00DC591E /* XPValue.m */ = {isa = PBXFileReference; fileEncoding = 4; lastKnownFileType = sourcecode.c.objc; lineEnding = 0; name = XPValue.m; path = src/XPValue.m; sourceTree = SOURCE_ROOT; xcLanguageSpecificationIdentifier = xcode.lang.objc; };
		D3A29E0C18E65AC400DC591E /* XPParser.h */ = {isa = PBXFileReference; fileEncoding = 4; lastKnownFileType = sourcecode.c.h; name = XPParser.h; path = src/XPParser.h; sourceTree = SOURCE_ROOT; };
		D3A29E0D18E65AC400DC591E /* XPParser.m */ = {isa = PBXFileReference; fileEncoding = 4; lastKnownFileType = sourcecode.c.objc; name = XPParser.m; path = src/XPParser.m; sourceTree = SOURCE_ROOT; };
		D3A29E1518E6659400DC591E /* expression.grammar */ = {isa = PBXFileReference; lastKnownFileType = text; name = expression.grammar; path = res/expression.grammar; sourceTree = SOURCE_ROOT; };
		D3A29E2318E75D3B00DC591E /* XPArithmeticExpression.h */ = {isa = PBXFileReference; fileEncoding = 4; lastKnownFileType = sourcecode.c.h; lineEnding = 0; name = XPArithmeticExpression.h; path = src/XPArithmeticExpression.h; sourceTree = SOURCE_ROOT; xcLanguageSpecificationIdentifier = xcode.lang.objcpp; };
		D3A29E2418E75D3B00DC591E /* XPArithmeticExpression.m */ = {isa = PBXFileReference; fileEncoding = 4; lastKnownFileType = sourcecode.c.objc; lineEnding = 0; name = XPArithmeticExpression.m; path = src/XPArithmeticExpression.m; sourceTree = SOURCE_ROOT; xcLanguageSpecificationIdentifier = xcode.lang.objc; };
		D3A29E2518E75D3B00DC591E /* XPBinaryExpression.h */ = {isa = PBXFileReference; fileEncoding = 4; lastKnownFileType = sourcecode.c.h; lineEnding = 0; name = XPBinaryExpression.h; path = src/XPBinaryExpression.h; sourceTree = SOURCE_ROOT; xcLanguageSpecificationIdentifier = xcode.lang.objcpp; };
		D3A29E2618E75D3B00DC591E /* XPBinaryExpression.m */ = {isa = PBXFileReference; fileEncoding = 4; lastKnownFileType = sourcecode.c.objc; lineEnding = 0; name = XPBinaryExpression.m; path = src/XPBinaryExpression.m; sourceTree = SOURCE_ROOT; xcLanguageSpecificationIdentifier = xcode.lang.objc; };
		D3A29E2718E75D3B00DC591E /* XPBooleanExpression.h */ = {isa = PBXFileReference; fileEncoding = 4; lastKnownFileType = sourcecode.c.h; lineEnding = 0; name = XPBooleanExpression.h; path = src/XPBooleanExpression.h; sourceTree = SOURCE_ROOT; xcLanguageSpecificationIdentifier = xcode.lang.objcpp; };
		D3A29E2818E75D3B00DC591E /* XPBooleanExpression.m */ = {isa = PBXFileReference; fileEncoding = 4; lastKnownFileType = sourcecode.c.objc; lineEnding = 0; name = XPBooleanExpression.m; path = src/XPBooleanExpression.m; sourceTree = SOURCE_ROOT; xcLanguageSpecificationIdentifier = xcode.lang.objc; };
		D3A29E2918E75D3B00DC591E /* XPRelationalExpression.h */ = {isa = PBXFileReference; fileEncoding = 4; lastKnownFileType = sourcecode.c.h; lineEnding = 0; name = XPRelationalExpression.h; path = src/XPRelationalExpression.h; sourceTree = SOURCE_ROOT; xcLanguageSpecificationIdentifier = xcode.lang.objcpp; };
		D3A29E2A18E75D3B00DC591E /* XPRelationalExpression.m */ = {isa = PBXFileReference; fileEncoding = 4; lastKnownFileType = sourcecode.c.objc; lineEnding = 0; name = XPRelationalExpression.m; path = src/XPRelationalExpression.m; sourceTree = SOURCE_ROOT; xcLanguageSpecificationIdentifier = xcode.lang.objc; };
		D3A29E3418E7700500DC591E /* XPEqualityExpressionTests.m */ = {isa = PBXFileReference; fileEncoding = 4; lastKnownFileType = sourcecode.c.objc; name = XPEqualityExpressionTests.m; path = test/XPEqualityExpressionTests.m; sourceTree = SOURCE_ROOT; };
		D3A29E3718E7AA3100DC591E /* XPPathExpression.h */ = {isa = PBXFileReference; fileEncoding = 4; lastKnownFileType = sourcecode.c.h; name = XPPathExpression.h; path = src/XPPathExpression.h; sourceTree = SOURCE_ROOT; };
		D3A29E3818E7AA3100DC591E /* XPPathExpression.m */ = {isa = PBXFileReference; fileEncoding = 4; lastKnownFileType = sourcecode.c.objc; name = XPPathExpression.m; path = src/XPPathExpression.m; sourceTree = SOURCE_ROOT; };
		D3A29E3B18E7B31A00DC591E /* XPObjectValue.h */ = {isa = PBXFileReference; fileEncoding = 4; lastKnownFileType = sourcecode.c.h; name = XPObjectValue.h; path = src/XPObjectValue.h; sourceTree = SOURCE_ROOT; };
		D3A29E3C18E7B31A00DC591E /* XPObjectValue.m */ = {isa = PBXFileReference; fileEncoding = 4; lastKnownFileType = sourcecode.c.objc; name = XPObjectValue.m; path = src/XPObjectValue.m; sourceTree = SOURCE_ROOT; };
		D3A3E54A18EC5706004FEB2C /* TDForTagTests.m */ = {isa = PBXFileReference; fileEncoding = 4; lastKnownFileType = sourcecode.c.objc; name = TDForTagTests.m; path = test/TDForTagTests.m; sourceTree = SOURCE_ROOT; };
		D3A3E54B18EC5706004FEB2C /* TDIfTagTests.m */ = {isa = PBXFileReference; fileEncoding = 4; lastKnownFileType = sourcecode.c.objc; name = TDIfTagTests.m; path = test/TDIfTagTests.m; sourceTree = SOURCE_ROOT; };
		D3A3E54C18EC5706004FEB2C /* TDPrintNodeTests.m */ = {isa = PBXFileReference; fileEncoding = 4; lastKnownFileType = sourcecode.c.objc; name = TDPrintNodeTests.m; path = test/TDPrintNodeTests.m; sourceTree = SOURCE_ROOT; };
		D3A7E26918EF9286009BFD96 /* TDTemplateEngine+XPExpressionSupport.h */ = {isa = PBXFileReference; fileEncoding = 4; lastKnownFileType = sourcecode.c.h; name = "TDTemplateEngine+XPExpressionSupport.h"; path = "src/TDTemplateEngine+XPExpressionSupport.h"; sourceTree = SOURCE_ROOT; };
		D3A7E26A18EF9286009BFD96 /* TDTemplateEngine+XPExpressionSupport.m */ = {isa = PBXFileReference; fileEncoding = 4; lastKnownFileType = sourcecode.c.objc; name = "TDTemplateEngine+XPExpressionSupport.m"; path = "src/TDTemplateEngine+XPExpressionSupport.m"; sourceTree = SOURCE_ROOT; };
		D3A7E27118F07782009BFD96 /* TDCommentTag.h */ = {isa = PBXFileReference; fileEncoding = 4; lastKnownFileType = sourcecode.c.h; name = TDCommentTag.h; path = src/TDCommentTag.h; sourceTree = SOURCE_ROOT; };
		D3A7E27218F07782009BFD96 /* TDCommentTag.m */ = {isa = PBXFileReference; fileEncoding = 4; lastKnownFileType = sourcecode.c.objc; name = TDCommentTag.m; path = src/TDCommentTag.m; sourceTree = SOURCE_ROOT; };
		D3A7E27518F0788D009BFD96 /* TDCommentTagTests.m */ = {isa = PBXFileReference; fileEncoding = 4; lastKnownFileType = sourcecode.c.objc; name = TDCommentTagTests.m; path = test/TDCommentTagTests.m; sourceTree = SOURCE_ROOT; };
		D3B982FC18F0804D00EEFE99 /* XPRelationalExpressionTests.m */ = {isa = PBXFileReference; fileEncoding = 4; lastKnownFileType = sourcecode.c.objc; name = XPRelationalExpressionTests.m; path = test/XPRelationalExpressionTests.m; sourceTree = SOURCE_ROOT; };
		D3B9830218F080BE00EEFE99 /* XPBooleanExpressionTests.m */ = {isa = PBXFileReference; fileEncoding = 4; lastKnownFileType = sourcecode.c.objc; name = XPBooleanExpressionTests.m; path = test/XPBooleanExpressionTests.m; sourceTree = SOURCE_ROOT; };
		D3BB32E218F76116005E0A3A /* PKToken+Verbatim.h */ = {isa = PBXFileReference; fileEncoding = 4; lastKnownFileType = sourcecode.c.h; name = "PKToken+Verbatim.h"; path = "src/PKToken+Verbatim.h"; sourceTree = SOURCE_ROOT; };
		D3BB32E318F76116005E0A3A /* PKToken+Verbatim.m */ = {isa = PBXFileReference; fileEncoding = 4; lastKnownFileType = sourcecode.c.objc; name = "PKToken+Verbatim.m"; path = "src/PKToken+Verbatim.m"; sourceTree = SOURCE_ROOT; };
		D3CAF8A918EDF27F00166A95 /* XPCollectionExpression.h */ = {isa = PBXFileReference; fileEncoding = 4; lastKnownFileType = sourcecode.c.h; name = XPCollectionExpression.h; path = src/XPCollectionExpression.h; sourceTree = SOURCE_ROOT; };
		D3CAF8AA18EDF27F00166A95 /* XPCollectionExpression.m */ = {isa = PBXFileReference; fileEncoding = 4; lastKnownFileType = sourcecode.c.objc; name = XPCollectionExpression.m; path = src/XPCollectionExpression.m; sourceTree = SOURCE_ROOT; };
		D3CAF8AD18EDF39200166A95 /* XPLoopExpression.h */ = {isa = PBXFileReference; fileEncoding = 4; lastKnownFileType = sourcecode.c.h; name = XPLoopExpression.h; path = src/XPLoopExpression.h; sourceTree = SOURCE_ROOT; };
		D3CAF8AE18EDF39200166A95 /* XPLoopExpression.m */ = {isa = PBXFileReference; fileEncoding = 4; lastKnownFileType = sourcecode.c.objc; name = XPLoopExpression.m; path = src/XPLoopExpression.m; sourceTree = SOURCE_ROOT; };
		D3CAF8B318EF3ABD00166A95 /* XPCollectionExpressionTests.m */ = {isa = PBXFileReference; fileEncoding = 4; lastKnownFileType = sourcecode.c.objc; name = XPCollectionExpressionTests.m; path = test/XPCollectionExpressionTests.m; sourceTree = SOURCE_ROOT; };
		D3CAF8B618EF3C9100166A95 /* XPRangeExpressionTests.m */ = {isa = PBXFileReference; fileEncoding = 4; lastKnownFileType = sourcecode.c.objc; name = XPRangeExpressionTests.m; path = test/XPRangeExpressionTests.m; sourceTree = SOURCE_ROOT; };
		D3CAF8B818EF577000166A95 /* XPNegationExpression.h */ = {isa = PBXFileReference; fileEncoding = 4; lastKnownFileType = sourcecode.c.h; name = XPNegationExpression.h; path = src/XPNegationExpression.h; sourceTree = SOURCE_ROOT; };
		D3CAF8B918EF577100166A95 /* XPNegationExpression.m */ = {isa = PBXFileReference; fileEncoding = 4; lastKnownFileType = sourcecode.c.objc; name = XPNegationExpression.m; path = src/XPNegationExpression.m; sourceTree = SOURCE_ROOT; };
		D3CAF8BC18EF59EB00166A95 /* XPNegationExpressionTests.m */ = {isa = PBXFileReference; fileEncoding = 4; lastKnownFileType = sourcecode.c.objc; name = XPNegationExpressionTests.m; path = test/XPNegationExpressionTests.m; sourceTree = SOURCE_ROOT; };
		D3F5063618EC5C9800BAC93B /* XPRangeExpression.h */ = {isa = PBXFileReference; fileEncoding = 4; lastKnownFileType = sourcecode.c.h; name = XPRangeExpression.h; path = src/XPRangeExpression.h; sourceTree = SOURCE_ROOT; };
		D3F5063718EC5C9800BAC93B /* XPRangeExpression.m */ = {isa = PBXFileReference; fileEncoding = 4; lastKnownFileType = sourcecode.c.objc; name = XPRangeExpression.m; path = src/XPRangeExpression.m; sourceTree = SOURCE_ROOT; };
		D3F5064318ECA12500BAC93B /* TDWriter.m */ = {isa = PBXFileReference; fileEncoding = 4; lastKnownFileType = sourcecode.c.objc; name = TDWriter.m; path = src/TDWriter.m; sourceTree = SOURCE_ROOT; };
		D3F5064718ECA36B00BAC93B /* TDWriter.h */ = {isa = PBXFileReference; fileEncoding = 4; lastKnownFileType = sourcecode.c.h; name = TDWriter.h; path = include/TDTemplateEngine/TDWriter.h; sourceTree = SOURCE_ROOT; };
/* End PBXFileReference section */

/* Begin PBXFrameworksBuildPhase section */
		D367DFAC18E5EF6900F97BCC /* Frameworks */ = {
			isa = PBXFrameworksBuildPhase;
			buildActionMask = 2147483647;
			files = (
				D319137118F197D400430BAD /* PEGKit.framework in Frameworks */,
				D3A29D9418E5F60100DC591E /* Foundation.framework in Frameworks */,
			);
			runOnlyForDeploymentPostprocessing = 0;
		};
		D367DFC418E5EF6900F97BCC /* Frameworks */ = {
			isa = PBXFrameworksBuildPhase;
			buildActionMask = 2147483647;
			files = (
				D319137218F197F200430BAD /* PEGKit.framework in Frameworks */,
				D367DFCD18E5EF6900F97BCC /* TDTemplateEngine.framework in Frameworks */,
				D367DFC918E5EF6900F97BCC /* XCTest.framework in Frameworks */,
			);
			runOnlyForDeploymentPostprocessing = 0;
		};
/* End PBXFrameworksBuildPhase section */

/* Begin PBXGroup section */
		D306D9C518F5859F00E32DDC /* Expression Tests */ = {
			isa = PBXGroup;
			children = (
				D306D9C418F5854000E32DDC /* XPBaseExpressionTests.h */,
				D306D9C218F5851D00E32DDC /* XPBaseExpressionTests.m */,
				D3B9830218F080BE00EEFE99 /* XPBooleanExpressionTests.m */,
				D3CAF8BC18EF59EB00166A95 /* XPNegationExpressionTests.m */,
				D3A29E3418E7700500DC591E /* XPEqualityExpressionTests.m */,
				D3B982FC18F0804D00EEFE99 /* XPRelationalExpressionTests.m */,
				D33915DD18F0818500BDA4FD /* XPArithmeticExpressionTests.m */,
				D3CAF8B618EF3C9100166A95 /* XPRangeExpressionTests.m */,
				D3CAF8B318EF3ABD00166A95 /* XPCollectionExpressionTests.m */,
				D33915E318F081ED00BDA4FD /* XPPathExpressionTests.m */,
				D319138718F1A80300430BAD /* XPFilterExpressionTests.m */,
			);
			name = "Expression Tests";
			sourceTree = "<group>";
		};
		D306D9C618F5872500E32DDC /* Node/Tag Tests */ = {
			isa = PBXGroup;
			children = (
				D3A3E54C18EC5706004FEB2C /* TDPrintNodeTests.m */,
				D3A3E54B18EC5706004FEB2C /* TDIfTagTests.m */,
				D33915E518F09DFF00BDA4FD /* TDElseTagTests.m */,
				D3A3E54A18EC5706004FEB2C /* TDForTagTests.m */,
				D3A7E27518F0788D009BFD96 /* TDCommentTagTests.m */,
				D319139618F2EF7000430BAD /* TDVerbatimTagTests.m */,
			);
			name = "Node/Tag Tests";
			sourceTree = "<group>";
		};
		D319137818F1A44E00430BAD /* Filter */ = {
			isa = PBXGroup;
			children = (
				D319138518F1A5C700430BAD /* TDFilter.h */,
				D319137A18F1A46100430BAD /* TDFilter.m */,
				D319138918F1AC4500430BAD /* TDLowercaseFilter.h */,
				D319138A18F1AC4500430BAD /* TDLowercaseFilter.m */,
				D319138D18F1AD1500430BAD /* TDUppercaseFilter.h */,
				D319138E18F1AD1500430BAD /* TDUppercaseFilter.m */,
				D319138118F1A58A00430BAD /* TDCapitalizeFilter.h */,
				D319138218F1A58A00430BAD /* TDCapitalizeFilter.m */,
				D37BC6B318F4415200938644 /* TDDateFormatFilter.h */,
				D37BC6B418F4415200938644 /* TDDateFormatFilter.m */,
			);
			name = Filter;
			sourceTree = "<group>";
		};
		D367DFA618E5EF6800F97BCC = {
			isa = PBXGroup;
			children = (
				D367DFB918E5EF6900F97BCC /* TDTemplateEngine */,
				D367DFCE18E5EF6900F97BCC /* TDTemplateEngine Tests */,
				D367DFB218E5EF6900F97BCC /* Frameworks */,
				D367DFB118E5EF6900F97BCC /* Products */,
			);
			sourceTree = "<group>";
		};
		D367DFB118E5EF6900F97BCC /* Products */ = {
			isa = PBXGroup;
			children = (
				D367DFB018E5EF6900F97BCC /* TDTemplateEngine.framework */,
				D367DFC718E5EF6900F97BCC /* TDTemplateEngineTests.xctest */,
			);
			name = Products;
			sourceTree = "<group>";
		};
		D367DFB218E5EF6900F97BCC /* Frameworks */ = {
			isa = PBXGroup;
			children = (
				D319137018F197D400430BAD /* PEGKit.framework */,
				D3A29D9318E5F60100DC591E /* Foundation.framework */,
				D367DFC818E5EF6900F97BCC /* XCTest.framework */,
			);
			name = Frameworks;
			sourceTree = "<group>";
		};
		D367DFB918E5EF6900F97BCC /* TDTemplateEngine */ = {
			isa = PBXGroup;
			children = (
				D3A29D8118E5F57300DC591E /* TDTemplateEngine.h */,
				D3A29D8318E5F57E00DC591E /* TDTemplateEngine.m */,
				D3F5064718ECA36B00BAC93B /* TDWriter.h */,
				D3F5064318ECA12500BAC93B /* TDWriter.m */,
				D3A29DE918E64FB800DC591E /* TDTemplateContext.h */,
				D3A29DCF18E63A1C00DC591E /* TDTemplateContext.m */,
				D398E2ED18EA2C51004B883C /* TDTemplateParser.h */,
				D398E2EE18EA2C51004B883C /* TDTemplateParser.m */,
				D3A29DD218E63D2200DC591E /* Nodes */,
				D3A29DD318E63D2900DC591E /* Tags */,
				D319137818F1A44E00430BAD /* Filter */,
				D3A29DEB18E6548200DC591E /* Expression */,
				D367DFBA18E5EF6900F97BCC /* Supporting Files */,
			);
			path = TDTemplateEngine;
			sourceTree = "<group>";
		};
		D367DFBA18E5EF6900F97BCC /* Supporting Files */ = {
			isa = PBXGroup;
			children = (
				D3A29D8518E5F58700DC591E /* TDTemplateEngine-Info.plist */,
				D3A29D8818E5F5A500DC591E /* InfoPlist.strings */,
				D3A29D8618E5F5A000DC591E /* TDTemplateEngine-Prefix.pch */,
			);
			name = "Supporting Files";
			sourceTree = "<group>";
		};
		D367DFCE18E5EF6900F97BCC /* TDTemplateEngine Tests */ = {
			isa = PBXGroup;
			children = (
				D3A29D8B18E5F5B300DC591E /* TDTestScaffold.h */,
				D306D9C518F5859F00E32DDC /* Expression Tests */,
				D306D9C618F5872500E32DDC /* Node/Tag Tests */,
				D367DFCF18E5EF6900F97BCC /* Supporting Files */,
			);
			name = "TDTemplateEngine Tests";
			path = TDTemplateEngineTests;
			sourceTree = "<group>";
		};
		D367DFCF18E5EF6900F97BCC /* Supporting Files */ = {
			isa = PBXGroup;
			children = (
				D3A29D8F18E5F5CC00DC591E /* TDTemplateEngineTests-Info.plist */,
				D3A29D9018E5F5D900DC591E /* InfoPlist.strings */,
			);
			name = "Supporting Files";
			sourceTree = "<group>";
		};
		D3A29DD218E63D2200DC591E /* Nodes */ = {
			isa = PBXGroup;
			children = (
				D3A29DA818E609E700DC591E /* TDNode.h */,
				D3A29DA918E609E700DC591E /* TDNode.m */,
				D3A29DB818E60F9F00DC591E /* TDRootNode.h */,
				D3A29DB918E60F9F00DC591E /* TDRootNode.m */,
				D3A29DBC18E61ACA00DC591E /* TDTextNode.h */,
				D3A29DBD18E61ACA00DC591E /* TDTextNode.m */,
				D3A29DB418E60E4500DC591E /* TDPrintNode.h */,
				D3A29DB518E60E4500DC591E /* TDPrintNode.m */,
			);
			name = Nodes;
			sourceTree = "<group>";
		};
		D3A29DD318E63D2900DC591E /* Tags */ = {
			isa = PBXGroup;
			children = (
				D3A29DDC18E63D6D00DC591E /* TDTag.h */,
				D3A29DD918E63D5B00DC591E /* TDTag.m */,
				D3A29DDE18E6423500DC591E /* TDIfTag.h */,
				D3A29DDF18E6423500DC591E /* TDIfTag.m */,
				D33915EB18F0A0C500BDA4FD /* TDElseIfTag.h */,
				D33915EC18F0A0C500BDA4FD /* TDElseIfTag.m */,
				D33915E718F0A08000BDA4FD /* TDElseTag.h */,
				D33915E818F0A08000BDA4FD /* TDElseTag.m */,
				D3A29DD418E63D4F00DC591E /* TDForTag.h */,
				D3A29DD518E63D4F00DC591E /* TDForTag.m */,
				D369BD4018EF7F6A003E715B /* TDForLoop.h */,
				D369BD4118EF7F6A003E715B /* TDForLoop.m */,
				D3A7E27118F07782009BFD96 /* TDCommentTag.h */,
				D3A7E27218F07782009BFD96 /* TDCommentTag.m */,
				D319139218F2ED3300430BAD /* TDVerbatimTag.h */,
				D319139318F2ED3300430BAD /* TDVerbatimTag.m */,
			);
			name = Tags;
			sourceTree = "<group>";
		};
		D3A29DEB18E6548200DC591E /* Expression */ = {
			isa = PBXGroup;
			children = (
				D3A7E26918EF9286009BFD96 /* TDTemplateEngine+XPExpressionSupport.h */,
				D3A7E26A18EF9286009BFD96 /* TDTemplateEngine+XPExpressionSupport.m */,
				D3BB32E218F76116005E0A3A /* PKToken+Verbatim.h */,
				D3BB32E318F76116005E0A3A /* PKToken+Verbatim.m */,
				D3A29E1618E6659D00DC591E /* Parser */,
				D3A29DF418E6583600DC591E /* XPExpression.h */,
				D3A29DF818E6584D00DC591E /* XPExpression.m */,
				D319137D18F1A4A900430BAD /* XPFilterExpression.h */,
				D319137E18F1A4A900430BAD /* XPFilterExpression.m */,
				D3CAF8B818EF577000166A95 /* XPNegationExpression.h */,
				D3CAF8B918EF577100166A95 /* XPNegationExpression.m */,
				D3A29E3718E7AA3100DC591E /* XPPathExpression.h */,
				D3A29E3818E7AA3100DC591E /* XPPathExpression.m */,
				D3CAF8AD18EDF39200166A95 /* XPLoopExpression.h */,
				D3CAF8AE18EDF39200166A95 /* XPLoopExpression.m */,
				D369BD4818EF8921003E715B /* XPEnumeration.h */,
				D369BD4918EF8921003E715B /* XPEnumeration.m */,
				D3CAF8A918EDF27F00166A95 /* XPCollectionExpression.h */,
				D3CAF8AA18EDF27F00166A95 /* XPCollectionExpression.m */,
				D3F5063618EC5C9800BAC93B /* XPRangeExpression.h */,
				D3F5063718EC5C9800BAC93B /* XPRangeExpression.m */,
				D3A29E2218E75D2E00DC591E /* Value */,
				D3A29E3318E75D4000DC591E /* Binary Expr */,
			);
			name = Expression;
			sourceTree = "<group>";
		};
		D3A29E1618E6659D00DC591E /* Parser */ = {
			isa = PBXGroup;
			children = (
				D3A29E0C18E65AC400DC591E /* XPParser.h */,
				D3A29E0D18E65AC400DC591E /* XPParser.m */,
				D3A29E1518E6659400DC591E /* expression.grammar */,
			);
			name = Parser;
			sourceTree = "<group>";
		};
		D3A29E2218E75D2E00DC591E /* Value */ = {
			isa = PBXGroup;
			children = (
				D3A29DFD18E6584D00DC591E /* XPValue.h */,
				D3A29DFE18E6584D00DC591E /* XPValue.m */,
				D3A29DF618E6584D00DC591E /* XPBooleanValue.h */,
				D3A29DF718E6584D00DC591E /* XPBooleanValue.m */,
				D3A29DF918E6584D00DC591E /* XPNumericValue.h */,
				D3A29DFA18E6584D00DC591E /* XPNumericValue.m */,
				D3A29DFB18E6584D00DC591E /* XPStringValue.h */,
				D3A29DFC18E6584D00DC591E /* XPStringValue.m */,
				D3A29E3B18E7B31A00DC591E /* XPObjectValue.h */,
				D3A29E3C18E7B31A00DC591E /* XPObjectValue.m */,
			);
			name = Value;
			sourceTree = "<group>";
		};
		D3A29E3318E75D4000DC591E /* Binary Expr */ = {
			isa = PBXGroup;
			children = (
				D3A29E2318E75D3B00DC591E /* XPArithmeticExpression.h */,
				D3A29E2418E75D3B00DC591E /* XPArithmeticExpression.m */,
				D3A29E2518E75D3B00DC591E /* XPBinaryExpression.h */,
				D3A29E2618E75D3B00DC591E /* XPBinaryExpression.m */,
				D3A29E2718E75D3B00DC591E /* XPBooleanExpression.h */,
				D3A29E2818E75D3B00DC591E /* XPBooleanExpression.m */,
				D3A29E2918E75D3B00DC591E /* XPRelationalExpression.h */,
				D3A29E2A18E75D3B00DC591E /* XPRelationalExpression.m */,
			);
			name = "Binary Expr";
			sourceTree = "<group>";
		};
/* End PBXGroup section */

/* Begin PBXHeadersBuildPhase section */
		D367DFAD18E5EF6900F97BCC /* Headers */ = {
			isa = PBXHeadersBuildPhase;
			buildActionMask = 2147483647;
			files = (
				D3A29DEA18E64FB800DC591E /* TDTemplateContext.h in Headers */,
				D319138318F1A58A00430BAD /* TDCapitalizeFilter.h in Headers */,
				D3A29E0418E6584D00DC591E /* XPStringValue.h in Headers */,
				D3A29DFF18E6584D00DC591E /* XPBooleanValue.h in Headers */,
				D3CAF8BA18EF577100166A95 /* XPNegationExpression.h in Headers */,
				D3BB32E418F76116005E0A3A /* PKToken+Verbatim.h in Headers */,
				D319139418F2ED3300430BAD /* TDVerbatimTag.h in Headers */,
				D3A29E0618E6584D00DC591E /* XPValue.h in Headers */,
				D3CAF8AB18EDF27F00166A95 /* XPCollectionExpression.h in Headers */,
				D398E2EF18EA2C51004B883C /* TDTemplateParser.h in Headers */,
				D3A29DBE18E61ACA00DC591E /* TDTextNode.h in Headers */,
				D3A29E3118E75D3B00DC591E /* XPRelationalExpression.h in Headers */,
				D3A29DBA18E60F9F00DC591E /* TDRootNode.h in Headers */,
				D3CAF8AF18EDF39200166A95 /* XPLoopExpression.h in Headers */,
				D3A29E3D18E7B31A00DC591E /* XPObjectValue.h in Headers */,
				D3A29DAA18E609E700DC591E /* TDNode.h in Headers */,
				D3A29DD618E63D4F00DC591E /* TDForTag.h in Headers */,
				D3A29DB618E60E4500DC591E /* TDPrintNode.h in Headers */,
				D3F5064818ECA36B00BAC93B /* TDWriter.h in Headers */,
				D3A29E2B18E75D3B00DC591E /* XPArithmeticExpression.h in Headers */,
				D3A29DF518E6583600DC591E /* XPExpression.h in Headers */,
				D369BD4A18EF8921003E715B /* XPEnumeration.h in Headers */,
				D3A29DDD18E63D6D00DC591E /* TDTag.h in Headers */,
				D3F5063818EC5C9800BAC93B /* XPRangeExpression.h in Headers */,
				D319138F18F1AD1500430BAD /* TDUppercaseFilter.h in Headers */,
				D33915E918F0A08000BDA4FD /* TDElseTag.h in Headers */,
				D3A29D8218E5F57300DC591E /* TDTemplateEngine.h in Headers */,
				D3A29E3918E7AA3100DC591E /* XPPathExpression.h in Headers */,
				D3A29DE018E6423500DC591E /* TDIfTag.h in Headers */,
				D3A7E27318F07782009BFD96 /* TDCommentTag.h in Headers */,
				D319138618F1A5C700430BAD /* TDFilter.h in Headers */,
				D3A29E0E18E65AC400DC591E /* XPParser.h in Headers */,
				D3A29E0218E6584D00DC591E /* XPNumericValue.h in Headers */,
				D3A29E2D18E75D3B00DC591E /* XPBinaryExpression.h in Headers */,
				D3A29E2F18E75D3B00DC591E /* XPBooleanExpression.h in Headers */,
				D319137F18F1A4A900430BAD /* XPFilterExpression.h in Headers */,
				D37BC6B518F4415200938644 /* TDDateFormatFilter.h in Headers */,
				D319138B18F1AC4500430BAD /* TDLowercaseFilter.h in Headers */,
				D3A7E26B18EF9286009BFD96 /* TDTemplateEngine+XPExpressionSupport.h in Headers */,
				D369BD4218EF7F6A003E715B /* TDForLoop.h in Headers */,
				D33915ED18F0A0C500BDA4FD /* TDElseIfTag.h in Headers */,
			);
			runOnlyForDeploymentPostprocessing = 0;
		};
/* End PBXHeadersBuildPhase section */

/* Begin PBXNativeTarget section */
		D367DFAF18E5EF6900F97BCC /* TDTemplateEngine */ = {
			isa = PBXNativeTarget;
			buildConfigurationList = D367DFD818E5EF6900F97BCC /* Build configuration list for PBXNativeTarget "TDTemplateEngine" */;
			buildPhases = (
				D367DFAB18E5EF6900F97BCC /* Sources */,
				D367DFAC18E5EF6900F97BCC /* Frameworks */,
				D367DFAD18E5EF6900F97BCC /* Headers */,
				D367DFAE18E5EF6900F97BCC /* Resources */,
			);
			buildRules = (
			);
			dependencies = (
			);
			name = TDTemplateEngine;
			productName = TDTemplateEngine;
			productReference = D367DFB018E5EF6900F97BCC /* TDTemplateEngine.framework */;
			productType = "com.apple.product-type.framework";
		};
		D367DFC618E5EF6900F97BCC /* TDTemplateEngineTests */ = {
			isa = PBXNativeTarget;
			buildConfigurationList = D367DFDB18E5EF6900F97BCC /* Build configuration list for PBXNativeTarget "TDTemplateEngineTests" */;
			buildPhases = (
				D367DFC318E5EF6900F97BCC /* Sources */,
				D367DFC418E5EF6900F97BCC /* Frameworks */,
				D367DFC518E5EF6900F97BCC /* Resources */,
			);
			buildRules = (
			);
			dependencies = (
				D367DFCC18E5EF6900F97BCC /* PBXTargetDependency */,
			);
			name = TDTemplateEngineTests;
			productName = TDTemplateEngineTests;
			productReference = D367DFC718E5EF6900F97BCC /* TDTemplateEngineTests.xctest */;
			productType = "com.apple.product-type.bundle.unit-test";
		};
/* End PBXNativeTarget section */

/* Begin PBXProject section */
		D367DFA718E5EF6800F97BCC /* Project object */ = {
			isa = PBXProject;
			attributes = {
				LastUpgradeCheck = 0510;
				ORGANIZATIONNAME = "Todd Ditchendorf";
				TargetAttributes = {
					D367DFC618E5EF6900F97BCC = {
						TestTargetID = D367DFAF18E5EF6900F97BCC;
					};
				};
			};
			buildConfigurationList = D367DFAA18E5EF6800F97BCC /* Build configuration list for PBXProject "TDTemplateEngine" */;
			compatibilityVersion = "Xcode 3.2";
			developmentRegion = English;
			hasScannedForEncodings = 0;
			knownRegions = (
				en,
			);
			mainGroup = D367DFA618E5EF6800F97BCC;
			productRefGroup = D367DFB118E5EF6900F97BCC /* Products */;
			projectDirPath = "";
			projectRoot = "";
			targets = (
				D367DFAF18E5EF6900F97BCC /* TDTemplateEngine */,
				D367DFC618E5EF6900F97BCC /* TDTemplateEngineTests */,
			);
		};
/* End PBXProject section */

/* Begin PBXResourcesBuildPhase section */
		D367DFAE18E5EF6900F97BCC /* Resources */ = {
			isa = PBXResourcesBuildPhase;
			buildActionMask = 2147483647;
			files = (
				D3A29D8A18E5F5A500DC591E /* InfoPlist.strings in Resources */,
			);
			runOnlyForDeploymentPostprocessing = 0;
		};
		D367DFC518E5EF6900F97BCC /* Resources */ = {
			isa = PBXResourcesBuildPhase;
			buildActionMask = 2147483647;
			files = (
				D3A29D9218E5F5D900DC591E /* InfoPlist.strings in Resources */,
			);
			runOnlyForDeploymentPostprocessing = 0;
		};
/* End PBXResourcesBuildPhase section */

/* Begin PBXSourcesBuildPhase section */
		D367DFAB18E5EF6900F97BCC /* Sources */ = {
			isa = PBXSourcesBuildPhase;
			buildActionMask = 2147483647;
			files = (
				D3A29DD718E63D4F00DC591E /* TDForTag.m in Sources */,
				D3BB32E518F76116005E0A3A /* PKToken+Verbatim.m in Sources */,
				D3A29DBF18E61ACA00DC591E /* TDTextNode.m in Sources */,
				D3A29E3018E75D3B00DC591E /* XPBooleanExpression.m in Sources */,
				D3A29E0718E6584D00DC591E /* XPValue.m in Sources */,
				D369BD4B18EF8921003E715B /* XPEnumeration.m in Sources */,
				D3A29E3218E75D3B00DC591E /* XPRelationalExpression.m in Sources */,
				D398E2F018EA2C51004B883C /* TDTemplateParser.m in Sources */,
				D3A29E3E18E7B31A00DC591E /* XPObjectValue.m in Sources */,
				D3A29E2E18E75D3B00DC591E /* XPBinaryExpression.m in Sources */,
				D3A29D8418E5F57E00DC591E /* TDTemplateEngine.m in Sources */,
				D369BD4318EF7F6A003E715B /* TDForLoop.m in Sources */,
				D319137C18F1A46100430BAD /* TDFilter.m in Sources */,
				D3A7E26C18EF9286009BFD96 /* TDTemplateEngine+XPExpressionSupport.m in Sources */,
				D33915EE18F0A0C500BDA4FD /* TDElseIfTag.m in Sources */,
				D3A29E0018E6584D00DC591E /* XPBooleanValue.m in Sources */,
				D3CAF8AC18EDF27F00166A95 /* XPCollectionExpression.m in Sources */,
				D37BC6B618F4415200938644 /* TDDateFormatFilter.m in Sources */,
				D319138018F1A4AA00430BAD /* XPFilterExpression.m in Sources */,
				D3A29E0518E6584D00DC591E /* XPStringValue.m in Sources */,
				D3A29DBB18E60F9F00DC591E /* TDRootNode.m in Sources */,
				D3CAF8BB18EF577100166A95 /* XPNegationExpression.m in Sources */,
				D3A29E0118E6584D00DC591E /* XPExpression.m in Sources */,
				D3A29E1718E6678500DC591E /* TDIfTag.m in Sources */,
				D3A29DD118E63A1C00DC591E /* TDTemplateContext.m in Sources */,
				D319139518F2ED3300430BAD /* TDVerbatimTag.m in Sources */,
				D3A29E0F18E65AC400DC591E /* XPParser.m in Sources */,
				D3A29E0318E6584D00DC591E /* XPNumericValue.m in Sources */,
				D3F5064518ECA12500BAC93B /* TDWriter.m in Sources */,
				D3A29E2C18E75D3B00DC591E /* XPArithmeticExpression.m in Sources */,
				D3A29E3A18E7AA3100DC591E /* XPPathExpression.m in Sources */,
				D3CAF8B018EDF39200166A95 /* XPLoopExpression.m in Sources */,
				D3A29DAB18E609E700DC591E /* TDNode.m in Sources */,
				D3A29DDB18E63D5B00DC591E /* TDTag.m in Sources */,
				D3A29DB718E60E4500DC591E /* TDPrintNode.m in Sources */,
				D33915EA18F0A08000BDA4FD /* TDElseTag.m in Sources */,
				D3F5063918EC5C9800BAC93B /* XPRangeExpression.m in Sources */,
				D319139018F1AD1500430BAD /* TDUppercaseFilter.m in Sources */,
				D3A7E27418F07782009BFD96 /* TDCommentTag.m in Sources */,
				D319138C18F1AC4500430BAD /* TDLowercaseFilter.m in Sources */,
				D319138418F1A58A00430BAD /* TDCapitalizeFilter.m in Sources */,
			);
			runOnlyForDeploymentPostprocessing = 0;
		};
		D367DFC318E5EF6900F97BCC /* Sources */ = {
			isa = PBXSourcesBuildPhase;
			buildActionMask = 2147483647;
			files = (
				D3A7E27618F0788D009BFD96 /* TDCommentTagTests.m in Sources */,
				D3A29E3518E7700500DC591E /* XPEqualityExpressionTests.m in Sources */,
				D3B9830318F080BE00EEFE99 /* XPBooleanExpressionTests.m in Sources */,
				D3CAF8B718EF3C9100166A95 /* XPRangeExpressionTests.m in Sources */,
				D33915DE18F0818500BDA4FD /* XPArithmeticExpressionTests.m in Sources */,
				D3CAF8B518EF3B5C00166A95 /* XPCollectionExpressionTests.m in Sources */,
				D3B982FD18F0804D00EEFE99 /* XPRelationalExpressionTests.m in Sources */,
				D3A3E54D18EC5706004FEB2C /* TDForTagTests.m in Sources */,
				D306D9C318F5851D00E32DDC /* XPBaseExpressionTests.m in Sources */,
				D3CAF8BE18EF5A0000166A95 /* XPNegationExpressionTests.m in Sources */,
				D3A3E54F18EC5706004FEB2C /* TDPrintNodeTests.m in Sources */,
				D33915E418F081ED00BDA4FD /* XPPathExpressionTests.m in Sources */,
				D3A3E54E18EC5706004FEB2C /* TDIfTagTests.m in Sources */,
				D33915E618F09DFF00BDA4FD /* TDElseTagTests.m in Sources */,
				D3E8E92918F2F01F0091C98D /* TDVerbatimTagTests.m in Sources */,
				D319138818F1A80300430BAD /* XPFilterExpressionTests.m in Sources */,
			);
			runOnlyForDeploymentPostprocessing = 0;
		};
/* End PBXSourcesBuildPhase section */

/* Begin PBXTargetDependency section */
		D367DFCC18E5EF6900F97BCC /* PBXTargetDependency */ = {
			isa = PBXTargetDependency;
			target = D367DFAF18E5EF6900F97BCC /* TDTemplateEngine */;
			targetProxy = D367DFCB18E5EF6900F97BCC /* PBXContainerItemProxy */;
		};
/* End PBXTargetDependency section */

/* Begin PBXVariantGroup section */
		D3A29D8818E5F5A500DC591E /* InfoPlist.strings */ = {
			isa = PBXVariantGroup;
			children = (
				D3A29D8918E5F5A500DC591E /* en */,
			);
			name = InfoPlist.strings;
			sourceTree = "<group>";
		};
		D3A29D9018E5F5D900DC591E /* InfoPlist.strings */ = {
			isa = PBXVariantGroup;
			children = (
				D3A29D9118E5F5D900DC591E /* en */,
			);
			name = InfoPlist.strings;
			sourceTree = "<group>";
		};
/* End PBXVariantGroup section */

/* Begin XCBuildConfiguration section */
		D367DFD618E5EF6900F97BCC /* Debug */ = {
			isa = XCBuildConfiguration;
			buildSettings = {
				ALWAYS_SEARCH_USER_PATHS = NO;
				CLANG_CXX_LANGUAGE_STANDARD = "gnu++0x";
				CLANG_CXX_LIBRARY = "libc++";
				CLANG_ENABLE_MODULES = YES;
				CLANG_WARN_BOOL_CONVERSION = YES;
				CLANG_WARN_CONSTANT_CONVERSION = YES;
				CLANG_WARN_DIRECT_OBJC_ISA_USAGE = YES_ERROR;
				CLANG_WARN_EMPTY_BODY = YES;
				CLANG_WARN_ENUM_CONVERSION = YES;
				CLANG_WARN_INT_CONVERSION = YES;
				CLANG_WARN_OBJC_ROOT_CLASS = YES_ERROR;
				CLANG_WARN__DUPLICATE_METHOD_MATCH = YES;
				COPY_PHASE_STRIP = NO;
				GCC_C_LANGUAGE_STANDARD = gnu99;
				GCC_DYNAMIC_NO_PIC = NO;
				GCC_ENABLE_OBJC_EXCEPTIONS = YES;
				GCC_OPTIMIZATION_LEVEL = 0;
				GCC_PREPROCESSOR_DEFINITIONS = (
					"DEBUG=1",
					"$(inherited)",
				);
				GCC_SYMBOLS_PRIVATE_EXTERN = NO;
				GCC_WARN_64_TO_32_BIT_CONVERSION = YES;
				GCC_WARN_ABOUT_RETURN_TYPE = YES_ERROR;
				GCC_WARN_UNINITIALIZED_AUTOS = YES_AGGRESSIVE;
				GCC_WARN_UNUSED_FUNCTION = YES;
				GCC_WARN_UNUSED_VARIABLE = YES;
				HEADER_SEARCH_PATHS = (
					"$(inherited)",
					/Applications/Xcode.app/Contents/Developer/Toolchains/XcodeDefault.xctoolchain/usr/include,
					lib/pegkit/include,
				);
				MACOSX_DEPLOYMENT_TARGET = 10.9;
				ONLY_ACTIVE_ARCH = YES;
				SDKROOT = macosx;
			};
			name = Debug;
		};
		D367DFD718E5EF6900F97BCC /* Release */ = {
			isa = XCBuildConfiguration;
			buildSettings = {
				ALWAYS_SEARCH_USER_PATHS = NO;
				CLANG_CXX_LANGUAGE_STANDARD = "gnu++0x";
				CLANG_CXX_LIBRARY = "libc++";
				CLANG_ENABLE_MODULES = YES;
				CLANG_WARN_BOOL_CONVERSION = YES;
				CLANG_WARN_CONSTANT_CONVERSION = YES;
				CLANG_WARN_DIRECT_OBJC_ISA_USAGE = YES_ERROR;
				CLANG_WARN_EMPTY_BODY = YES;
				CLANG_WARN_ENUM_CONVERSION = YES;
				CLANG_WARN_INT_CONVERSION = YES;
				CLANG_WARN_OBJC_ROOT_CLASS = YES_ERROR;
				CLANG_WARN__DUPLICATE_METHOD_MATCH = YES;
				COPY_PHASE_STRIP = YES;
				DEBUG_INFORMATION_FORMAT = "dwarf-with-dsym";
				ENABLE_NS_ASSERTIONS = NO;
				GCC_C_LANGUAGE_STANDARD = gnu99;
				GCC_ENABLE_OBJC_EXCEPTIONS = YES;
				GCC_WARN_64_TO_32_BIT_CONVERSION = YES;
				GCC_WARN_ABOUT_RETURN_TYPE = YES_ERROR;
				GCC_WARN_UNINITIALIZED_AUTOS = YES_AGGRESSIVE;
				GCC_WARN_UNUSED_FUNCTION = YES;
				GCC_WARN_UNUSED_VARIABLE = YES;
				HEADER_SEARCH_PATHS = (
					"$(inherited)",
					/Applications/Xcode.app/Contents/Developer/Toolchains/XcodeDefault.xctoolchain/usr/include,
					lib/pegkit/include,
				);
				MACOSX_DEPLOYMENT_TARGET = 10.9;
				SDKROOT = macosx;
			};
			name = Release;
		};
		D367DFD918E5EF6900F97BCC /* Debug */ = {
			isa = XCBuildConfiguration;
			buildSettings = {
				COMBINE_HIDPI_IMAGES = YES;
				DYLIB_COMPATIBILITY_VERSION = 1;
				DYLIB_CURRENT_VERSION = 1;
				DYLIB_INSTALL_NAME_BASE = "@rpath/";
				FRAMEWORK_SEARCH_PATHS = (
					"$(inherited)",
					"$(USER_LIBRARY_DIR)/Developer/Xcode/DerivedData/TDTemplateEngine-fzzezlziivpwkibrtiisnixrvvso/Build/Products/Debug",
				);
				FRAMEWORK_VERSION = A;
				GCC_PRECOMPILE_PREFIX_HEADER = YES;
				GCC_PREFIX_HEADER = "res/TDTemplateEngine-Prefix.pch";
				INFOPLIST_FILE = "res/TDTemplateEngine-Info.plist";
				INSTALL_PATH = "@rpath";
				PRODUCT_NAME = "$(TARGET_NAME)";
				WRAPPER_EXTENSION = framework;
			};
			name = Debug;
		};
		D367DFDA18E5EF6900F97BCC /* Release */ = {
			isa = XCBuildConfiguration;
			buildSettings = {
				COMBINE_HIDPI_IMAGES = YES;
				DYLIB_COMPATIBILITY_VERSION = 1;
				DYLIB_CURRENT_VERSION = 1;
				DYLIB_INSTALL_NAME_BASE = "@rpath/";
				FRAMEWORK_SEARCH_PATHS = (
					"$(inherited)",
					"$(USER_LIBRARY_DIR)/Developer/Xcode/DerivedData/TDTemplateEngine-fzzezlziivpwkibrtiisnixrvvso/Build/Products/Debug",
				);
				FRAMEWORK_VERSION = A;
				GCC_PRECOMPILE_PREFIX_HEADER = YES;
				GCC_PREFIX_HEADER = "res/TDTemplateEngine-Prefix.pch";
				INFOPLIST_FILE = "res/TDTemplateEngine-Info.plist";
				INSTALL_PATH = "@rpath";
				PRODUCT_NAME = "$(TARGET_NAME)";
				WRAPPER_EXTENSION = framework;
			};
			name = Release;
		};
		D367DFDC18E5EF6900F97BCC /* Debug */ = {
			isa = XCBuildConfiguration;
			buildSettings = {
				BUNDLE_LOADER = "$(BUILT_PRODUCTS_DIR)/TDTemplateEngine.framework/Versions/A/TDTemplateEngine";
				COMBINE_HIDPI_IMAGES = YES;
				FRAMEWORK_SEARCH_PATHS = (
					"$(DEVELOPER_FRAMEWORKS_DIR)",
					"$(inherited)",
					"$(USER_LIBRARY_DIR)/Developer/Xcode/DerivedData/TDTemplateEngine-fzzezlziivpwkibrtiisnixrvvso/Build/Products/Debug",
				);
				GCC_PRECOMPILE_PREFIX_HEADER = YES;
				GCC_PREFIX_HEADER = "res/TDTemplateEngine-Prefix.pch";
				GCC_PREPROCESSOR_DEFINITIONS = (
					"DEBUG=1",
					"$(inherited)",
				);
				HEADER_SEARCH_PATHS = (
					"$(inherited)",
					/Applications/Xcode.app/Contents/Developer/Toolchains/XcodeDefault.xctoolchain/usr/include,
				);
				INFOPLIST_FILE = "test/TDTemplateEngineTests-Info.plist";
				PRODUCT_NAME = "$(TARGET_NAME)";
				TEST_HOST = "$(BUNDLE_LOADER)";
				WRAPPER_EXTENSION = xctest;
			};
			name = Debug;
		};
		D367DFDD18E5EF6900F97BCC /* Release */ = {
			isa = XCBuildConfiguration;
			buildSettings = {
				BUNDLE_LOADER = "$(BUILT_PRODUCTS_DIR)/TDTemplateEngine.framework/Versions/A/TDTemplateEngine";
				COMBINE_HIDPI_IMAGES = YES;
				FRAMEWORK_SEARCH_PATHS = (
					"$(DEVELOPER_FRAMEWORKS_DIR)",
					"$(inherited)",
					"$(USER_LIBRARY_DIR)/Developer/Xcode/DerivedData/TDTemplateEngine-fzzezlziivpwkibrtiisnixrvvso/Build/Products/Debug",
				);
				GCC_PRECOMPILE_PREFIX_HEADER = YES;
				GCC_PREFIX_HEADER = "res/TDTemplateEngine-Prefix.pch";
				HEADER_SEARCH_PATHS = (
					"$(inherited)",
					/Applications/Xcode.app/Contents/Developer/Toolchains/XcodeDefault.xctoolchain/usr/include,
				);
				INFOPLIST_FILE = "test/TDTemplateEngineTests-Info.plist";
				PRODUCT_NAME = "$(TARGET_NAME)";
				TEST_HOST = "$(BUNDLE_LOADER)";
				WRAPPER_EXTENSION = xctest;
			};
			name = Release;
		};
/* End XCBuildConfiguration section */

/* Begin XCConfigurationList section */
		D367DFAA18E5EF6800F97BCC /* Build configuration list for PBXProject "TDTemplateEngine" */ = {
			isa = XCConfigurationList;
			buildConfigurations = (
				D367DFD618E5EF6900F97BCC /* Debug */,
				D367DFD718E5EF6900F97BCC /* Release */,
			);
			defaultConfigurationIsVisible = 0;
			defaultConfigurationName = Release;
		};
		D367DFD818E5EF6900F97BCC /* Build configuration list for PBXNativeTarget "TDTemplateEngine" */ = {
			isa = XCConfigurationList;
			buildConfigurations = (
				D367DFD918E5EF6900F97BCC /* Debug */,
				D367DFDA18E5EF6900F97BCC /* Release */,
			);
			defaultConfigurationIsVisible = 0;
			defaultConfigurationName = Release;
		};
		D367DFDB18E5EF6900F97BCC /* Build configuration list for PBXNativeTarget "TDTemplateEngineTests" */ = {
			isa = XCConfigurationList;
			buildConfigurations = (
				D367DFDC18E5EF6900F97BCC /* Debug */,
				D367DFDD18E5EF6900F97BCC /* Release */,
			);
			defaultConfigurationIsVisible = 0;
			defaultConfigurationName = Release;
		};
/* End XCConfigurationList section */
	};
	rootObject = D367DFA718E5EF6800F97BCC /* Project object */;
}
